
Microsoft Visual Studio Solution File, Format Version 12.00
# Visual Studio Version 17
VisualStudioVersion = 17.3.32825.248
MinimumVisualStudioVersion = 10.0.40219.1
Project("{FAE04EC0-301F-11D3-BF4B-00C04F79EFBC}") = "HeroesAndMonsters", "HeroesAndMonsters\HeroesAndMonsters.csproj", "{231697A5-FA85-4517-9D2F-FCC0286103A9}"
EndProject
Project("{2150E333-8FDC-42A3-9474-1A3956D46DE8}") = "Data", "Data", "{582340DE-E8EE-4D56-B758-052E3F32D5B1}"
EndProject
Project("{2150E333-8FDC-42A3-9474-1A3956D46DE8}") = "Engine", "Engine", "{7B9E728B-FCFA-414B-8BB3-8CB644CE49AB}"
EndProject
Project("{2150E333-8FDC-42A3-9474-1A3956D46DE8}") = "Common", "Common", "{BA5D8DFE-2EB2-4BD1-8B19-AA61391EB2EC}"
EndProject
Project("{FAE04EC0-301F-11D3-BF4B-00C04F79EFBC}") = "HeroesAndMonsters.Data", "HeroesAndMonsters.Data\HeroesAndMonsters.Data.csproj", "{58BC1C75-7AB2-4CA7-952A-E0864B106E42}"
EndProject
Project("{FAE04EC0-301F-11D3-BF4B-00C04F79EFBC}") = "HeroesAndMonsters.Common", "HeroesAndMonsters.Common\HeroesAndMonsters.Common.csproj", "{9E6C8E9B-B466-4966-A39E-E02F7A140138}"
EndProject
Project("{FAE04EC0-301F-11D3-BF4B-00C04F79EFBC}") = "HeroesAndMonsters.Data.Models", "HeroesAndMonsters.Data.Models\HeroesAndMonsters.Data.Models.csproj", "{1D702328-B1F2-485F-BD38-079973AD8CA5}"
EndProject
Project("{FAE04EC0-301F-11D3-BF4B-00C04F79EFBC}") = "HeroesAndMonsters.Engine", "HeroesAndMonsters.Engine\HeroesAndMonsters.Engine.csproj", "{3017F3DD-09AF-40A1-97E6-93CB4829B9E6}"
EndProject
Global
	GlobalSection(SolutionConfigurationPlatforms) = preSolution
		Debug|Any CPU = Debug|Any CPU
		Release|Any CPU = Release|Any CPU
	EndGlobalSection
	GlobalSection(ProjectConfigurationPlatforms) = postSolution
		{231697A5-FA85-4517-9D2F-FCC0286103A9}.Debug|Any CPU.ActiveCfg = Debug|Any CPU
		{231697A5-FA85-4517-9D2F-FCC0286103A9}.Debug|Any CPU.Build.0 = Debug|Any CPU
		{231697A5-FA85-4517-9D2F-FCC0286103A9}.Release|Any CPU.ActiveCfg = Release|Any CPU
		{231697A5-FA85-4517-9D2F-FCC0286103A9}.Release|Any CPU.Build.0 = Release|Any CPU
		{58BC1C75-7AB2-4CA7-952A-E0864B106E42}.Debug|Any CPU.ActiveCfg = Debug|Any CPU
		{58BC1C75-7AB2-4CA7-952A-E0864B106E42}.Debug|Any CPU.Build.0 = Debug|Any CPU
		{58BC1C75-7AB2-4CA7-952A-E0864B106E42}.Release|Any CPU.ActiveCfg = Release|Any CPU
		{58BC1C75-7AB2-4CA7-952A-E0864B106E42}.Release|Any CPU.Build.0 = Release|Any CPU
		{9E6C8E9B-B466-4966-A39E-E02F7A140138}.Debug|Any CPU.ActiveCfg = Debug|Any CPU
		{9E6C8E9B-B466-4966-A39E-E02F7A140138}.Debug|Any CPU.Build.0 = Debug|Any CPU
		{9E6C8E9B-B466-4966-A39E-E02F7A140138}.Release|Any CPU.ActiveCfg = Release|Any CPU
		{9E6C8E9B-B466-4966-A39E-E02F7A140138}.Release|Any CPU.Build.0 = Release|Any CPU
		{1D702328-B1F2-485F-BD38-079973AD8CA5}.Debug|Any CPU.ActiveCfg = Debug|Any CPU
		{1D702328-B1F2-485F-BD38-079973AD8CA5}.Debug|Any CPU.Build.0 = Debug|Any CPU
		{1D702328-B1F2-485F-BD38-079973AD8CA5}.Release|Any CPU.ActiveCfg = Release|Any CPU
		{1D702328-B1F2-485F-BD38-079973AD8CA5}.Release|Any CPU.Build.0 = Release|Any CPU
		{3017F3DD-09AF-40A1-97E6-93CB4829B9E6}.Debug|Any CPU.ActiveCfg = Debug|Any CPU
		{3017F3DD-09AF-40A1-97E6-93CB4829B9E6}.Debug|Any CPU.Build.0 = Debug|Any CPU
		{3017F3DD-09AF-40A1-97E6-93CB4829B9E6}.Release|Any CPU.ActiveCfg = Release|Any CPU
		{3017F3DD-09AF-40A1-97E6-93CB4829B9E6}.Release|Any CPU.Build.0 = Release|Any CPU
	EndGlobalSection
	GlobalSection(SolutionProperties) = preSolution
		HideSolutionNode = FALSE
	EndGlobalSection
	GlobalSection(NestedProjects) = preSolution
		{58BC1C75-7AB2-4CA7-952A-E0864B106E42} = {582340DE-E8EE-4D56-B758-052E3F32D5B1}
		{9E6C8E9B-B466-4966-A39E-E02F7A140138} = {BA5D8DFE-2EB2-4BD1-8B19-AA61391EB2EC}
		{1D702328-B1F2-485F-BD38-079973AD8CA5} = {582340DE-E8EE-4D56-B758-052E3F32D5B1}
		{3017F3DD-09AF-40A1-97E6-93CB4829B9E6} = {7B9E728B-FCFA-414B-8BB3-8CB644CE49AB}
	EndGlobalSection
	GlobalSection(ExtensibilityGlobals) = postSolution
		SolutionGuid = {5961AD9D-14B9-41E4-9A7B-F7777F2AE466}
	EndGlobalSection
EndGlobal
